
Microsoft Visual Studio Solution File, Format Version 12.00
Project("{FAE04EC0-301F-11D3-BF4B-00C04F79EFBC}") = "API", "API\API.csproj", "{7BC1F462-D947-4BCC-B2D6-EF741E2A46AE}"
EndProject
Project("{FAE04EC0-301F-11D3-BF4B-00C04F79EFBC}") = "Model", "Model\Model.csproj", "{9075DD3E-378E-4561-8199-0A9AC73105CE}"
EndProject
Project("{FAE04EC0-301F-11D3-BF4B-00C04F79EFBC}") = "Persistence", "Persistence\Persistence.csproj", "{5C1843AB-61B9-46AD-8EC0-1AE733A44B2E}"
EndProject
Project("{FAE04EC0-301F-11D3-BF4B-00C04F79EFBC}") = "Persitence.Firebase", "Persitence.Firebase\Persitence.Firebase.csproj", "{C8C87862-F2C5-4A70-AD4A-7C1372E4E760}"
EndProject
Global
	GlobalSection(SolutionConfigurationPlatforms) = preSolution
		Debug|Any CPU = Debug|Any CPU
		Release|Any CPU = Release|Any CPU
	EndGlobalSection
	GlobalSection(ProjectConfigurationPlatforms) = postSolution
		{7BC1F462-D947-4BCC-B2D6-EF741E2A46AE}.Debug|Any CPU.ActiveCfg = Debug|Any CPU
		{7BC1F462-D947-4BCC-B2D6-EF741E2A46AE}.Debug|Any CPU.Build.0 = Debug|Any CPU
		{7BC1F462-D947-4BCC-B2D6-EF741E2A46AE}.Release|Any CPU.ActiveCfg = Release|Any CPU
		{7BC1F462-D947-4BCC-B2D6-EF741E2A46AE}.Release|Any CPU.Build.0 = Release|Any CPU
		{9075DD3E-378E-4561-8199-0A9AC73105CE}.Debug|Any CPU.ActiveCfg = Debug|Any CPU
		{9075DD3E-378E-4561-8199-0A9AC73105CE}.Debug|Any CPU.Build.0 = Debug|Any CPU
		{9075DD3E-378E-4561-8199-0A9AC73105CE}.Release|Any CPU.ActiveCfg = Release|Any CPU
		{9075DD3E-378E-4561-8199-0A9AC73105CE}.Release|Any CPU.Build.0 = Release|Any CPU
		{5C1843AB-61B9-46AD-8EC0-1AE733A44B2E}.Debug|Any CPU.ActiveCfg = Debug|Any CPU
		{5C1843AB-61B9-46AD-8EC0-1AE733A44B2E}.Debug|Any CPU.Build.0 = Debug|Any CPU
		{5C1843AB-61B9-46AD-8EC0-1AE733A44B2E}.Release|Any CPU.ActiveCfg = Release|Any CPU
		{5C1843AB-61B9-46AD-8EC0-1AE733A44B2E}.Release|Any CPU.Build.0 = Release|Any CPU
		{C8C87862-F2C5-4A70-AD4A-7C1372E4E760}.Debug|Any CPU.ActiveCfg = Debug|Any CPU
		{C8C87862-F2C5-4A70-AD4A-7C1372E4E760}.Debug|Any CPU.Build.0 = Debug|Any CPU
		{C8C87862-F2C5-4A70-AD4A-7C1372E4E760}.Release|Any CPU.ActiveCfg = Release|Any CPU
		{C8C87862-F2C5-4A70-AD4A-7C1372E4E760}.Release|Any CPU.Build.0 = Release|Any CPU
	EndGlobalSection
EndGlobal
